
Microsoft Visual Studio Solution File, Format Version 12.00
# Visual Studio Version 17
VisualStudioVersion = 17.14.36429.23 d17.14
MinimumVisualStudioVersion = 10.0.40219.1
Project("{FAE04EC0-301F-11D3-BF4B-00C04F79EFBC}") = "Examen1", "Examen1\Examen1.csproj", "{8E20E51B-D2BF-4921-B383-4946E23BEE50}"
EndProject
Global
	GlobalSection(SolutionConfigurationPlatforms) = preSolution
		Debug|Any CPU = Debug|Any CPU
		Release|Any CPU = Release|Any CPU
	EndGlobalSection
	GlobalSection(ProjectConfigurationPlatforms) = postSolution
		{8E20E51B-D2BF-4921-B383-4946E23BEE50}.Debug|Any CPU.ActiveCfg = Debug|Any CPU
		{8E20E51B-D2BF-4921-B383-4946E23BEE50}.Debug|Any CPU.Build.0 = Debug|Any CPU
		{8E20E51B-D2BF-4921-B383-4946E23BEE50}.Release|Any CPU.ActiveCfg = Release|Any CPU
		{8E20E51B-D2BF-4921-B383-4946E23BEE50}.Release|Any CPU.Build.0 = Release|Any CPU
	EndGlobalSection
	GlobalSection(SolutionProperties) = preSolution
		HideSolutionNode = FALSE
	EndGlobalSection
	GlobalSection(ExtensibilityGlobals) = postSolution
		SolutionGuid = {2A9EC540-2605-4A55-A667-C296A5B4B252}
	EndGlobalSection
EndGlobal
